// !$*UTF8*$!
{
	archiveVersion = 1;
	classes = {
	};
	objectVersion = 50;
	objects = {

/* Begin PBXBuildFile section */
		09481797225F9ACC0026C066 /* BookingTableViewCell.swift in Sources */ = {isa = PBXBuildFile; fileRef = 09481796225F9ACC0026C066 /* BookingTableViewCell.swift */; };
		094DF889225D2809001EA2FE /* ProviderDetailController.swift in Sources */ = {isa = PBXBuildFile; fileRef = 094DF888225D2809001EA2FE /* ProviderDetailController.swift */; };
		094DF88B225D2835001EA2FE /* UserDetailHeader.xib in Resources */ = {isa = PBXBuildFile; fileRef = 094DF88A225D2835001EA2FE /* UserDetailHeader.xib */; };
		094DF88F225D2EB8001EA2FE /* UserDetailView.swift in Sources */ = {isa = PBXBuildFile; fileRef = 094DF88E225D2EB8001EA2FE /* UserDetailView.swift */; };
		094DF892225D492D001EA2FE /* ProviderDetailCustomCell.swift in Sources */ = {isa = PBXBuildFile; fileRef = 094DF891225D492D001EA2FE /* ProviderDetailCustomCell.swift */; };
		095BF72D2264E68D00F416ED /* UserProfileTableViewCell.swift in Sources */ = {isa = PBXBuildFile; fileRef = 095BF72C2264E68D00F416ED /* UserProfileTableViewCell.swift */; };
		098E826B2260CE5C0023E41B /* PortfolioCell.xib in Resources */ = {isa = PBXBuildFile; fileRef = 098E826A2260CE5C0023E41B /* PortfolioCell.xib */; };
		098E826D2260CE8E0023E41B /* PortfolioCollectionViewCell.swift in Sources */ = {isa = PBXBuildFile; fileRef = 098E826C2260CE8E0023E41B /* PortfolioCollectionViewCell.swift */; };
		099B0C13226648F300474066 /* DiscoverCollectionViewCell.swift in Sources */ = {isa = PBXBuildFile; fileRef = 099B0C12226648F300474066 /* DiscoverCollectionViewCell.swift */; };
		099B0C15226649CA00474066 /* DiscoverSecondViewController.swift in Sources */ = {isa = PBXBuildFile; fileRef = 099B0C14226649CA00474066 /* DiscoverSecondViewController.swift */; };
		09A9D541225BA90D00DFB5E2 /* ProfileHeader.xib in Resources */ = {isa = PBXBuildFile; fileRef = 09A9D540225BA90D00DFB5E2 /* ProfileHeader.xib */; };
		09A9D543225BCFB200DFB5E2 /* ServiceProfileViewController.swift in Sources */ = {isa = PBXBuildFile; fileRef = 09A9D542225BCFB200DFB5E2 /* ServiceProfileViewController.swift */; };
		09A9D545225BDAF200DFB5E2 /* ServiceBioView.swift in Sources */ = {isa = PBXBuildFile; fileRef = 09A9D544225BDAF200DFB5E2 /* ServiceBioView.swift */; };
		09A9D547225BE7A200DFB5E2 /* PortfolioView.swift in Sources */ = {isa = PBXBuildFile; fileRef = 09A9D546225BE7A200DFB5E2 /* PortfolioView.swift */; };
		09DCD303225E4AB90090EE1F /* UIViewController+Extensions.swift in Sources */ = {isa = PBXBuildFile; fileRef = 09DCD302225E4AB80090EE1F /* UIViewController+Extensions.swift */; };
		09DCD305225E4F290090EE1F /* ProviderDetailBio.xib in Resources */ = {isa = PBXBuildFile; fileRef = 09DCD304225E4F290090EE1F /* ProviderDetailBio.xib */; };
		09DCD307225E50EA0090EE1F /* ProviderBio.swift in Sources */ = {isa = PBXBuildFile; fileRef = 09DCD306225E50EA0090EE1F /* ProviderBio.swift */; };
		09DCD309225E66C30090EE1F /* ProviderDetailAvailability.xib in Resources */ = {isa = PBXBuildFile; fileRef = 09DCD308225E66C30090EE1F /* ProviderDetailAvailability.xib */; };
		09DCD30B225E69860090EE1F /* ProviderAvailability.swift in Sources */ = {isa = PBXBuildFile; fileRef = 09DCD30A225E69860090EE1F /* ProviderAvailability.swift */; };
		09DCD30D225E7E5D0090EE1F /* ProviderDetailReviews.xib in Resources */ = {isa = PBXBuildFile; fileRef = 09DCD30C225E7E5D0090EE1F /* ProviderDetailReviews.xib */; };
		09DCD30F225E7F7D0090EE1F /* ProviderDetailReviews.swift in Sources */ = {isa = PBXBuildFile; fileRef = 09DCD30E225E7F7D0090EE1F /* ProviderDetailReviews.swift */; };
		09DCD311225E91FA0090EE1F /* DiscoverViewController.swift in Sources */ = {isa = PBXBuildFile; fileRef = 09DCD310225E91FA0090EE1F /* DiscoverViewController.swift */; };
		09DCD313225E97340090EE1F /* DiscoveryCollectionViewCell.swift in Sources */ = {isa = PBXBuildFile; fileRef = 09DCD312225E97340090EE1F /* DiscoveryCollectionViewCell.swift */; };
		09DCD315225EA5C20090EE1F /* DiscoverTableViewCell.swift in Sources */ = {isa = PBXBuildFile; fileRef = 09DCD314225EA5C20090EE1F /* DiscoverTableViewCell.swift */; };
		291F30A20B9AEA8931FF3E32 /* Pods_FirebaseTests.framework in Frameworks */ = {isa = PBXBuildFile; fileRef = C9F0689D22A995E41D8C2C56 /* Pods_FirebaseTests.framework */; };
		2E16B841226611A500332ADC /* OrderSummaryCollectionViewCell.swift in Sources */ = {isa = PBXBuildFile; fileRef = 2E16B840226611A500332ADC /* OrderSummaryCollectionViewCell.swift */; };
		2E409BEE2267C2AD00130CBA /* Appointments.swift in Sources */ = {isa = PBXBuildFile; fileRef = 2E409BED2267C2AD00130CBA /* Appointments.swift */; };
		2E5E74D9225FB6A8003D370F /* Service.swift in Sources */ = {isa = PBXBuildFile; fileRef = 2E5E74D7225FB6A3003D370F /* Service.swift */; };
		2E7739BE22601267004C188A /* Entrance.storyboard in Resources */ = {isa = PBXBuildFile; fileRef = 2E7739BD22601267004C188A /* Entrance.storyboard */; };
		2E90A61A2261124A0016462C /* BookService.storyboard in Resources */ = {isa = PBXBuildFile; fileRef = 2E90A6192261124A0016462C /* BookService.storyboard */; };
		2E90A61C226112620016462C /* BookingViewController.swift in Sources */ = {isa = PBXBuildFile; fileRef = 2E90A61B226112620016462C /* BookingViewController.swift */; };
		2E90A61E22611A010016462C /* ServicesCollectionViewCell.swift in Sources */ = {isa = PBXBuildFile; fileRef = 2E90A61D22611A010016462C /* ServicesCollectionViewCell.swift */; };
		2E90A62022611B4F0016462C /* AvalibilityCollectionViewCell.swift in Sources */ = {isa = PBXBuildFile; fileRef = 2E90A61F22611B4F0016462C /* AvalibilityCollectionViewCell.swift */; };
		2E9DD7C82257A8A300D74DD1 /* FirebaseTests.swift in Sources */ = {isa = PBXBuildFile; fileRef = 2E9DD7C72257A8A300D74DD1 /* FirebaseTests.swift */; };
		2E9DD7D02257C93E00D74DD1 /* DBService.swift in Sources */ = {isa = PBXBuildFile; fileRef = 2E9DD7CF2257C93E00D74DD1 /* DBService.swift */; };
		2E9DD7D42257E7FD00D74DD1 /* ServiceProvider.storyboard in Resources */ = {isa = PBXBuildFile; fileRef = 2E9DD7D32257E7FD00D74DD1 /* ServiceProvider.storyboard */; };
		2E9DD7D62257E80900D74DD1 /* User.storyboard in Resources */ = {isa = PBXBuildFile; fileRef = 2E9DD7D52257E80900D74DD1 /* User.storyboard */; };
		2E9DD7D82257F69B00D74DD1 /* CreateViewController.swift in Sources */ = {isa = PBXBuildFile; fileRef = 2E9DD7D72257F69B00D74DD1 /* CreateViewController.swift */; };
		2E9DD7DA2257F6A800D74DD1 /* LoginViewController.swift in Sources */ = {isa = PBXBuildFile; fileRef = 2E9DD7D92257F6A800D74DD1 /* LoginViewController.swift */; };
		2E9DD7DC2257F80B00D74DD1 /* ServiceUpcomingTableViewController.swift in Sources */ = {isa = PBXBuildFile; fileRef = 2E9DD7DB2257F80B00D74DD1 /* ServiceUpcomingTableViewController.swift */; };
		2E9DD7DE2257F83900D74DD1 /* ServiceDetailViewController.swift in Sources */ = {isa = PBXBuildFile; fileRef = 2E9DD7DD2257F83900D74DD1 /* ServiceDetailViewController.swift */; };
		2E9DD7E22257F95800D74DD1 /* ServiceConfirmedController.swift in Sources */ = {isa = PBXBuildFile; fileRef = 2E9DD7E12257F95800D74DD1 /* ServiceConfirmedController.swift */; };
		2E9DD7E42257F9C000D74DD1 /* ServiceMessageViewController.swift in Sources */ = {isa = PBXBuildFile; fileRef = 2E9DD7E32257F9C000D74DD1 /* ServiceMessageViewController.swift */; };
		2E9DD7E82257FB2200D74DD1 /* ClientProfileController.swift in Sources */ = {isa = PBXBuildFile; fileRef = 2E9DD7E72257FB2200D74DD1 /* ClientProfileController.swift */; };
		2E9DD7EA2257FC0C00D74DD1 /* ClientBookingsController.swift in Sources */ = {isa = PBXBuildFile; fileRef = 2E9DD7E92257FC0C00D74DD1 /* ClientBookingsController.swift */; };
		2E9DD7EC2257FC4100D74DD1 /* ClientSearchController.swift in Sources */ = {isa = PBXBuildFile; fileRef = 2E9DD7EB2257FC4100D74DD1 /* ClientSearchController.swift */; };
		2EBDDBCE225B91AD00583BC0 /* StorageService.swift in Sources */ = {isa = PBXBuildFile; fileRef = 2EBDDBCD225B91AD00583BC0 /* StorageService.swift */; };
		2EBDDBD0225B91D600583BC0 /* AuthService.swift in Sources */ = {isa = PBXBuildFile; fileRef = 2EBDDBCF225B91D600583BC0 /* AuthService.swift */; };
		2EBDDBD4225B997B00583BC0 /* Alert+Extensions.swift in Sources */ = {isa = PBXBuildFile; fileRef = 2EBDDBD3225B997B00583BC0 /* Alert+Extensions.swift */; };
		2EBDDBD6225B999400583BC0 /* String+Date.swift in Sources */ = {isa = PBXBuildFile; fileRef = 2EBDDBD5225B999400583BC0 /* String+Date.swift */; };
		2EBDDBD8225B99B000583BC0 /* Date+Extension.swift in Sources */ = {isa = PBXBuildFile; fileRef = 2EBDDBD7225B99B000583BC0 /* Date+Extension.swift */; };
		2EBDDC1C225D0A7800583BC0 /* BaseViewController.swift in Sources */ = {isa = PBXBuildFile; fileRef = 2EBDDC1B225D0A7800583BC0 /* BaseViewController.swift */; };
		2EBDDC20225D2E9400583BC0 /* OnboardingTableViewController.swift in Sources */ = {isa = PBXBuildFile; fileRef = 2EBDDC1F225D2E9400583BC0 /* OnboardingTableViewController.swift */; };
		2EF1039C2255314A0030FBFF /* AppDelegate.swift in Sources */ = {isa = PBXBuildFile; fileRef = 2EF1039B2255314A0030FBFF /* AppDelegate.swift */; };
		2EF103A32255314C0030FBFF /* Assets.xcassets in Resources */ = {isa = PBXBuildFile; fileRef = 2EF103A22255314C0030FBFF /* Assets.xcassets */; };
		2EF103A62255314C0030FBFF /* LaunchScreen.storyboard in Resources */ = {isa = PBXBuildFile; fileRef = 2EF103A42255314C0030FBFF /* LaunchScreen.storyboard */; };
		2EF103AE22553D5E0030FBFF /* GoogleService-Info.plist in Resources */ = {isa = PBXBuildFile; fileRef = 2EF103AD22553D5E0030FBFF /* GoogleService-Info.plist */; };
		2EF103C82255A4A30030FBFF /* ServiceProvider.swift in Sources */ = {isa = PBXBuildFile; fileRef = 2EF103C72255A4A30030FBFF /* ServiceProvider.swift */; };
		2EF103CB2255A4C00030FBFF /* StylistsUsers.swift in Sources */ = {isa = PBXBuildFile; fileRef = 2EF103CA2255A4C00030FBFF /* StylistsUsers.swift */; };
		2EF103CD2255A4D20030FBFF /* Ratings.swift in Sources */ = {isa = PBXBuildFile; fileRef = 2EF103CC2255A4D20030FBFF /* Ratings.swift */; };
		2EF103CF2255A4DB0030FBFF /* Reviews.swift in Sources */ = {isa = PBXBuildFile; fileRef = 2EF103CE2255A4DB0030FBFF /* Reviews.swift */; };
		2EF103D12255A4E90030FBFF /* StylistCollectionKeys.swift in Sources */ = {isa = PBXBuildFile; fileRef = 2EF103D02255A4E90030FBFF /* StylistCollectionKeys.swift */; };
		2EF103D32255ABA10030FBFF /* Avalibility.swift in Sources */ = {isa = PBXBuildFile; fileRef = 2EF103D22255ABA10030FBFF /* Avalibility.swift */; };
		2EF103D52255AE060030FBFF /* Days.swift in Sources */ = {isa = PBXBuildFile; fileRef = 2EF103D42255AE060030FBFF /* Days.swift */; };
		2EFC36472264E2E5001B54F8 /* ProviderServices.swift in Sources */ = {isa = PBXBuildFile; fileRef = 2EFC36462264E2E5001B54F8 /* ProviderServices.swift */; };
		45864F51225D0449005FDBD5 /* ReviewAndRatings.storyboard in Resources */ = {isa = PBXBuildFile; fileRef = 45864F50225D0449005FDBD5 /* ReviewAndRatings.storyboard */; };
		45864F53225D124A005FDBD5 /* RatingsAndReviewViewController.swift in Sources */ = {isa = PBXBuildFile; fileRef = 45864F52225D124A005FDBD5 /* RatingsAndReviewViewController.swift */; };
		45864F5A225FDD1D005FDBD5 /* ClientEditProfileController.swift in Sources */ = {isa = PBXBuildFile; fileRef = 45864F59225FDD1D005FDBD5 /* ClientEditProfileController.swift */; };
		8F8138881EF44484D5275681 /* Pods_Stylist.framework in Frameworks */ = {isa = PBXBuildFile; fileRef = D89AABB01908945DBC5625A6 /* Pods_Stylist.framework */; };
		D6B4BF6D225E384300F1E48C /* IBDesignableViews.swift in Sources */ = {isa = PBXBuildFile; fileRef = D6B4BF6C225E384300F1E48C /* IBDesignableViews.swift */; };
		D6CD419A22664C6000F79DAA /* ServicesCell.swift in Sources */ = {isa = PBXBuildFile; fileRef = D6CD419922664C6000F79DAA /* ServicesCell.swift */; };
		D6CD419C22664C7300F79DAA /* ServicesCell.xib in Resources */ = {isa = PBXBuildFile; fileRef = D6CD419B22664C7300F79DAA /* ServicesCell.xib */; };
		D6CD419E22667B0800F79DAA /* UIColor+Extensions.swift in Sources */ = {isa = PBXBuildFile; fileRef = D6CD419D22667B0800F79DAA /* UIColor+Extensions.swift */; };
		D6CD41A02267B25B00F79DAA /* UserDefaultsKeys.swift in Sources */ = {isa = PBXBuildFile; fileRef = D6CD419F2267B25B00F79DAA /* UserDefaultsKeys.swift */; };
		D6FE74EA2261138600B4A49A /* FilterProviders.storyboard in Resources */ = {isa = PBXBuildFile; fileRef = D6FE74E92261138600B4A49A /* FilterProviders.storyboard */; };
		D6FE74EC22611A1B00B4A49A /* FilterProvidersController.swift in Sources */ = {isa = PBXBuildFile; fileRef = D6FE74EB22611A1B00B4A49A /* FilterProvidersController.swift */; };
		D6FE75182265118A00B4A49A /* ProfessionCell.swift in Sources */ = {isa = PBXBuildFile; fileRef = D6FE75172265118A00B4A49A /* ProfessionCell.swift */; };
/* End PBXBuildFile section */

/* Begin PBXContainerItemProxy section */
		2E9DD7CA2257A8A300D74DD1 /* PBXContainerItemProxy */ = {
			isa = PBXContainerItemProxy;
			containerPortal = 2EF103902255314A0030FBFF /* Project object */;
			proxyType = 1;
			remoteGlobalIDString = 2EF103972255314A0030FBFF;
			remoteInfo = Stylist;
		};
/* End PBXContainerItemProxy section */

/* Begin PBXFileReference section */
		09481796225F9ACC0026C066 /* BookingTableViewCell.swift */ = {isa = PBXFileReference; lastKnownFileType = sourcecode.swift; path = BookingTableViewCell.swift; sourceTree = "<group>"; };
		09481798225FC6BE0026C066 /* Entrance.storyboard */ = {isa = PBXFileReference; fileEncoding = 4; lastKnownFileType = file.storyboard; path = Entrance.storyboard; sourceTree = "<group>"; };
		094DF888225D2809001EA2FE /* ProviderDetailController.swift */ = {isa = PBXFileReference; lastKnownFileType = sourcecode.swift; path = ProviderDetailController.swift; sourceTree = "<group>"; };
		094DF88A225D2835001EA2FE /* UserDetailHeader.xib */ = {isa = PBXFileReference; lastKnownFileType = file.xib; path = UserDetailHeader.xib; sourceTree = "<group>"; };
		094DF88E225D2EB8001EA2FE /* UserDetailView.swift */ = {isa = PBXFileReference; lastKnownFileType = sourcecode.swift; path = UserDetailView.swift; sourceTree = "<group>"; };
		094DF891225D492D001EA2FE /* ProviderDetailCustomCell.swift */ = {isa = PBXFileReference; lastKnownFileType = sourcecode.swift; path = ProviderDetailCustomCell.swift; sourceTree = "<group>"; };
		095BF72C2264E68D00F416ED /* UserProfileTableViewCell.swift */ = {isa = PBXFileReference; lastKnownFileType = sourcecode.swift; path = UserProfileTableViewCell.swift; sourceTree = "<group>"; };
		098E826A2260CE5C0023E41B /* PortfolioCell.xib */ = {isa = PBXFileReference; lastKnownFileType = file.xib; path = PortfolioCell.xib; sourceTree = "<group>"; };
		098E826C2260CE8E0023E41B /* PortfolioCollectionViewCell.swift */ = {isa = PBXFileReference; lastKnownFileType = sourcecode.swift; path = PortfolioCollectionViewCell.swift; sourceTree = "<group>"; };
		099B0C12226648F300474066 /* DiscoverCollectionViewCell.swift */ = {isa = PBXFileReference; lastKnownFileType = sourcecode.swift; path = DiscoverCollectionViewCell.swift; sourceTree = "<group>"; };
		099B0C14226649CA00474066 /* DiscoverSecondViewController.swift */ = {isa = PBXFileReference; lastKnownFileType = sourcecode.swift; path = DiscoverSecondViewController.swift; sourceTree = "<group>"; };
		09A9D540225BA90D00DFB5E2 /* ProfileHeader.xib */ = {isa = PBXFileReference; lastKnownFileType = file.xib; path = ProfileHeader.xib; sourceTree = "<group>"; };
		09A9D542225BCFB200DFB5E2 /* ServiceProfileViewController.swift */ = {isa = PBXFileReference; lastKnownFileType = sourcecode.swift; path = ServiceProfileViewController.swift; sourceTree = "<group>"; };
		09A9D544225BDAF200DFB5E2 /* ServiceBioView.swift */ = {isa = PBXFileReference; lastKnownFileType = sourcecode.swift; path = ServiceBioView.swift; sourceTree = "<group>"; };
		09A9D546225BE7A200DFB5E2 /* PortfolioView.swift */ = {isa = PBXFileReference; lastKnownFileType = sourcecode.swift; path = PortfolioView.swift; sourceTree = "<group>"; };
		09DCD302225E4AB80090EE1F /* UIViewController+Extensions.swift */ = {isa = PBXFileReference; lastKnownFileType = sourcecode.swift; path = "UIViewController+Extensions.swift"; sourceTree = "<group>"; };
		09DCD304225E4F290090EE1F /* ProviderDetailBio.xib */ = {isa = PBXFileReference; lastKnownFileType = file.xib; path = ProviderDetailBio.xib; sourceTree = "<group>"; };
		09DCD306225E50EA0090EE1F /* ProviderBio.swift */ = {isa = PBXFileReference; lastKnownFileType = sourcecode.swift; path = ProviderBio.swift; sourceTree = "<group>"; };
		09DCD308225E66C30090EE1F /* ProviderDetailAvailability.xib */ = {isa = PBXFileReference; lastKnownFileType = file.xib; path = ProviderDetailAvailability.xib; sourceTree = "<group>"; };
		09DCD30A225E69860090EE1F /* ProviderAvailability.swift */ = {isa = PBXFileReference; lastKnownFileType = sourcecode.swift; path = ProviderAvailability.swift; sourceTree = "<group>"; };
		09DCD30C225E7E5D0090EE1F /* ProviderDetailReviews.xib */ = {isa = PBXFileReference; lastKnownFileType = file.xib; path = ProviderDetailReviews.xib; sourceTree = "<group>"; };
		09DCD30E225E7F7D0090EE1F /* ProviderDetailReviews.swift */ = {isa = PBXFileReference; lastKnownFileType = sourcecode.swift; path = ProviderDetailReviews.swift; sourceTree = "<group>"; };
		09DCD310225E91FA0090EE1F /* DiscoverViewController.swift */ = {isa = PBXFileReference; lastKnownFileType = sourcecode.swift; path = DiscoverViewController.swift; sourceTree = "<group>"; };
		09DCD312225E97340090EE1F /* DiscoveryCollectionViewCell.swift */ = {isa = PBXFileReference; lastKnownFileType = sourcecode.swift; path = DiscoveryCollectionViewCell.swift; sourceTree = "<group>"; };
		09DCD314225EA5C20090EE1F /* DiscoverTableViewCell.swift */ = {isa = PBXFileReference; lastKnownFileType = sourcecode.swift; path = DiscoverTableViewCell.swift; sourceTree = "<group>"; };
		26FA858D08C6AC46AEBAE072 /* Pods-StylistTests.release.xcconfig */ = {isa = PBXFileReference; includeInIndex = 1; lastKnownFileType = text.xcconfig; name = "Pods-StylistTests.release.xcconfig"; path = "Target Support Files/Pods-StylistTests/Pods-StylistTests.release.xcconfig"; sourceTree = "<group>"; };
		2E16B840226611A500332ADC /* OrderSummaryCollectionViewCell.swift */ = {isa = PBXFileReference; lastKnownFileType = sourcecode.swift; path = OrderSummaryCollectionViewCell.swift; sourceTree = "<group>"; };
		2E409BED2267C2AD00130CBA /* Appointments.swift */ = {isa = PBXFileReference; lastKnownFileType = sourcecode.swift; path = Appointments.swift; sourceTree = "<group>"; };
		2E5E74D7225FB6A3003D370F /* Service.swift */ = {isa = PBXFileReference; lastKnownFileType = sourcecode.swift; path = Service.swift; sourceTree = "<group>"; };
		2E7739BD22601267004C188A /* Entrance.storyboard */ = {isa = PBXFileReference; lastKnownFileType = file.storyboard; path = Entrance.storyboard; sourceTree = "<group>"; };
		2E90A6192261124A0016462C /* BookService.storyboard */ = {isa = PBXFileReference; lastKnownFileType = file.storyboard; path = BookService.storyboard; sourceTree = "<group>"; };
		2E90A61B226112620016462C /* BookingViewController.swift */ = {isa = PBXFileReference; lastKnownFileType = sourcecode.swift; path = BookingViewController.swift; sourceTree = "<group>"; };
		2E90A61D22611A010016462C /* ServicesCollectionViewCell.swift */ = {isa = PBXFileReference; lastKnownFileType = sourcecode.swift; path = ServicesCollectionViewCell.swift; sourceTree = "<group>"; };
		2E90A61F22611B4F0016462C /* AvalibilityCollectionViewCell.swift */ = {isa = PBXFileReference; lastKnownFileType = sourcecode.swift; path = AvalibilityCollectionViewCell.swift; sourceTree = "<group>"; };
		2E9DD7C52257A8A300D74DD1 /* FirebaseTests.xctest */ = {isa = PBXFileReference; explicitFileType = wrapper.cfbundle; includeInIndex = 0; path = FirebaseTests.xctest; sourceTree = BUILT_PRODUCTS_DIR; };
		2E9DD7C72257A8A300D74DD1 /* FirebaseTests.swift */ = {isa = PBXFileReference; lastKnownFileType = sourcecode.swift; path = FirebaseTests.swift; sourceTree = "<group>"; };
		2E9DD7C92257A8A300D74DD1 /* Info.plist */ = {isa = PBXFileReference; lastKnownFileType = text.plist.xml; path = Info.plist; sourceTree = "<group>"; };
		2E9DD7CF2257C93E00D74DD1 /* DBService.swift */ = {isa = PBXFileReference; lastKnownFileType = sourcecode.swift; name = DBService.swift; path = ../../DBService.swift; sourceTree = "<group>"; };
		2E9DD7D32257E7FD00D74DD1 /* ServiceProvider.storyboard */ = {isa = PBXFileReference; lastKnownFileType = file.storyboard; path = ServiceProvider.storyboard; sourceTree = "<group>"; };
		2E9DD7D52257E80900D74DD1 /* User.storyboard */ = {isa = PBXFileReference; lastKnownFileType = file.storyboard; path = User.storyboard; sourceTree = "<group>"; };
		2E9DD7D72257F69B00D74DD1 /* CreateViewController.swift */ = {isa = PBXFileReference; lastKnownFileType = sourcecode.swift; name = CreateViewController.swift; path = ../Views/CreateViewController.swift; sourceTree = "<group>"; };
		2E9DD7D92257F6A800D74DD1 /* LoginViewController.swift */ = {isa = PBXFileReference; lastKnownFileType = sourcecode.swift; path = LoginViewController.swift; sourceTree = "<group>"; };
		2E9DD7DB2257F80B00D74DD1 /* ServiceUpcomingTableViewController.swift */ = {isa = PBXFileReference; lastKnownFileType = sourcecode.swift; path = ServiceUpcomingTableViewController.swift; sourceTree = "<group>"; };
		2E9DD7DD2257F83900D74DD1 /* ServiceDetailViewController.swift */ = {isa = PBXFileReference; lastKnownFileType = sourcecode.swift; path = ServiceDetailViewController.swift; sourceTree = "<group>"; };
		2E9DD7E12257F95800D74DD1 /* ServiceConfirmedController.swift */ = {isa = PBXFileReference; lastKnownFileType = sourcecode.swift; path = ServiceConfirmedController.swift; sourceTree = "<group>"; };
		2E9DD7E32257F9C000D74DD1 /* ServiceMessageViewController.swift */ = {isa = PBXFileReference; lastKnownFileType = sourcecode.swift; path = ServiceMessageViewController.swift; sourceTree = "<group>"; };
		2E9DD7E72257FB2200D74DD1 /* ClientProfileController.swift */ = {isa = PBXFileReference; lastKnownFileType = sourcecode.swift; path = ClientProfileController.swift; sourceTree = "<group>"; };
		2E9DD7E92257FC0C00D74DD1 /* ClientBookingsController.swift */ = {isa = PBXFileReference; lastKnownFileType = sourcecode.swift; path = ClientBookingsController.swift; sourceTree = "<group>"; };
		2E9DD7EB2257FC4100D74DD1 /* ClientSearchController.swift */ = {isa = PBXFileReference; lastKnownFileType = sourcecode.swift; path = ClientSearchController.swift; sourceTree = "<group>"; };
		2EBDDBCD225B91AD00583BC0 /* StorageService.swift */ = {isa = PBXFileReference; lastKnownFileType = sourcecode.swift; path = StorageService.swift; sourceTree = "<group>"; };
		2EBDDBCF225B91D600583BC0 /* AuthService.swift */ = {isa = PBXFileReference; lastKnownFileType = sourcecode.swift; path = AuthService.swift; sourceTree = "<group>"; };
		2EBDDBD3225B997B00583BC0 /* Alert+Extensions.swift */ = {isa = PBXFileReference; lastKnownFileType = sourcecode.swift; path = "Alert+Extensions.swift"; sourceTree = "<group>"; };
		2EBDDBD5225B999400583BC0 /* String+Date.swift */ = {isa = PBXFileReference; lastKnownFileType = sourcecode.swift; path = "String+Date.swift"; sourceTree = "<group>"; };
		2EBDDBD7225B99B000583BC0 /* Date+Extension.swift */ = {isa = PBXFileReference; lastKnownFileType = sourcecode.swift; path = "Date+Extension.swift"; sourceTree = "<group>"; };
		2EBDDC1B225D0A7800583BC0 /* BaseViewController.swift */ = {isa = PBXFileReference; lastKnownFileType = sourcecode.swift; path = BaseViewController.swift; sourceTree = "<group>"; };
		2EBDDC1F225D2E9400583BC0 /* OnboardingTableViewController.swift */ = {isa = PBXFileReference; lastKnownFileType = sourcecode.swift; path = OnboardingTableViewController.swift; sourceTree = "<group>"; };
		2EF103982255314A0030FBFF /* Stylist.app */ = {isa = PBXFileReference; explicitFileType = wrapper.application; includeInIndex = 0; path = Stylist.app; sourceTree = BUILT_PRODUCTS_DIR; };
		2EF1039B2255314A0030FBFF /* AppDelegate.swift */ = {isa = PBXFileReference; lastKnownFileType = sourcecode.swift; path = AppDelegate.swift; sourceTree = "<group>"; };
		2EF103A22255314C0030FBFF /* Assets.xcassets */ = {isa = PBXFileReference; lastKnownFileType = folder.assetcatalog; path = Assets.xcassets; sourceTree = "<group>"; };
		2EF103A52255314C0030FBFF /* Base */ = {isa = PBXFileReference; lastKnownFileType = file.storyboard; name = Base; path = Base.lproj/LaunchScreen.storyboard; sourceTree = "<group>"; };
		2EF103A72255314C0030FBFF /* Info.plist */ = {isa = PBXFileReference; lastKnownFileType = text.plist.xml; path = Info.plist; sourceTree = "<group>"; };
		2EF103AD22553D5E0030FBFF /* GoogleService-Info.plist */ = {isa = PBXFileReference; fileEncoding = 4; lastKnownFileType = text.plist.xml; path = "GoogleService-Info.plist"; sourceTree = "<group>"; };
		2EF103C72255A4A30030FBFF /* ServiceProvider.swift */ = {isa = PBXFileReference; lastKnownFileType = sourcecode.swift; path = ServiceProvider.swift; sourceTree = "<group>"; };
		2EF103CA2255A4C00030FBFF /* StylistsUsers.swift */ = {isa = PBXFileReference; lastKnownFileType = sourcecode.swift; path = StylistsUsers.swift; sourceTree = "<group>"; };
		2EF103CC2255A4D20030FBFF /* Ratings.swift */ = {isa = PBXFileReference; lastKnownFileType = sourcecode.swift; path = Ratings.swift; sourceTree = "<group>"; };
		2EF103CE2255A4DB0030FBFF /* Reviews.swift */ = {isa = PBXFileReference; lastKnownFileType = sourcecode.swift; path = Reviews.swift; sourceTree = "<group>"; };
		2EF103D02255A4E90030FBFF /* StylistCollectionKeys.swift */ = {isa = PBXFileReference; lastKnownFileType = sourcecode.swift; path = StylistCollectionKeys.swift; sourceTree = "<group>"; };
		2EF103D22255ABA10030FBFF /* Avalibility.swift */ = {isa = PBXFileReference; lastKnownFileType = sourcecode.swift; path = Avalibility.swift; sourceTree = "<group>"; };
		2EF103D42255AE060030FBFF /* Days.swift */ = {isa = PBXFileReference; lastKnownFileType = sourcecode.swift; path = Days.swift; sourceTree = "<group>"; };
		2EFC36462264E2E5001B54F8 /* ProviderServices.swift */ = {isa = PBXFileReference; lastKnownFileType = sourcecode.swift; path = ProviderServices.swift; sourceTree = "<group>"; };
		45864F50225D0449005FDBD5 /* ReviewAndRatings.storyboard */ = {isa = PBXFileReference; lastKnownFileType = file.storyboard; path = ReviewAndRatings.storyboard; sourceTree = "<group>"; };
		45864F52225D124A005FDBD5 /* RatingsAndReviewViewController.swift */ = {isa = PBXFileReference; lastKnownFileType = sourcecode.swift; path = RatingsAndReviewViewController.swift; sourceTree = "<group>"; };
		45864F59225FDD1D005FDBD5 /* ClientEditProfileController.swift */ = {isa = PBXFileReference; lastKnownFileType = sourcecode.swift; path = ClientEditProfileController.swift; sourceTree = "<group>"; };
		63E768A8D86006AD0C630A3F /* Pods-StylistTests.debug.xcconfig */ = {isa = PBXFileReference; includeInIndex = 1; lastKnownFileType = text.xcconfig; name = "Pods-StylistTests.debug.xcconfig"; path = "Target Support Files/Pods-StylistTests/Pods-StylistTests.debug.xcconfig"; sourceTree = "<group>"; };
		929C1E92E4811B03B80F4987 /* Pods-FirebaseTests.release.xcconfig */ = {isa = PBXFileReference; includeInIndex = 1; lastKnownFileType = text.xcconfig; name = "Pods-FirebaseTests.release.xcconfig"; path = "Target Support Files/Pods-FirebaseTests/Pods-FirebaseTests.release.xcconfig"; sourceTree = "<group>"; };
		A57421994C7FAE45048DF33C /* Pods-Stylist.release.xcconfig */ = {isa = PBXFileReference; includeInIndex = 1; lastKnownFileType = text.xcconfig; name = "Pods-Stylist.release.xcconfig"; path = "Target Support Files/Pods-Stylist/Pods-Stylist.release.xcconfig"; sourceTree = "<group>"; };
		A8787ACFCB7CCA4C79516777 /* Pods-Stylist.debug.xcconfig */ = {isa = PBXFileReference; includeInIndex = 1; lastKnownFileType = text.xcconfig; name = "Pods-Stylist.debug.xcconfig"; path = "Target Support Files/Pods-Stylist/Pods-Stylist.debug.xcconfig"; sourceTree = "<group>"; };
		AD1D5ADFD62A113C77C9D79E /* Pods-FirebaseTests.debug.xcconfig */ = {isa = PBXFileReference; includeInIndex = 1; lastKnownFileType = text.xcconfig; name = "Pods-FirebaseTests.debug.xcconfig"; path = "Target Support Files/Pods-FirebaseTests/Pods-FirebaseTests.debug.xcconfig"; sourceTree = "<group>"; };
		C9F0689D22A995E41D8C2C56 /* Pods_FirebaseTests.framework */ = {isa = PBXFileReference; explicitFileType = wrapper.framework; includeInIndex = 0; path = Pods_FirebaseTests.framework; sourceTree = BUILT_PRODUCTS_DIR; };
		D6B4BF6C225E384300F1E48C /* IBDesignableViews.swift */ = {isa = PBXFileReference; lastKnownFileType = sourcecode.swift; path = IBDesignableViews.swift; sourceTree = "<group>"; };
		D6CD419922664C6000F79DAA /* ServicesCell.swift */ = {isa = PBXFileReference; lastKnownFileType = sourcecode.swift; path = ServicesCell.swift; sourceTree = "<group>"; };
		D6CD419B22664C7300F79DAA /* ServicesCell.xib */ = {isa = PBXFileReference; lastKnownFileType = file.xib; path = ServicesCell.xib; sourceTree = "<group>"; };
		D6CD419D22667B0800F79DAA /* UIColor+Extensions.swift */ = {isa = PBXFileReference; lastKnownFileType = sourcecode.swift; path = "UIColor+Extensions.swift"; sourceTree = "<group>"; };
		D6CD419F2267B25B00F79DAA /* UserDefaultsKeys.swift */ = {isa = PBXFileReference; lastKnownFileType = sourcecode.swift; path = UserDefaultsKeys.swift; sourceTree = "<group>"; };
		D6FE74E92261138600B4A49A /* FilterProviders.storyboard */ = {isa = PBXFileReference; lastKnownFileType = file.storyboard; path = FilterProviders.storyboard; sourceTree = "<group>"; };
		D6FE74EB22611A1B00B4A49A /* FilterProvidersController.swift */ = {isa = PBXFileReference; lastKnownFileType = sourcecode.swift; path = FilterProvidersController.swift; sourceTree = "<group>"; };
		D6FE75172265118A00B4A49A /* ProfessionCell.swift */ = {isa = PBXFileReference; lastKnownFileType = sourcecode.swift; path = ProfessionCell.swift; sourceTree = "<group>"; };
		D89AABB01908945DBC5625A6 /* Pods_Stylist.framework */ = {isa = PBXFileReference; explicitFileType = wrapper.framework; includeInIndex = 0; path = Pods_Stylist.framework; sourceTree = BUILT_PRODUCTS_DIR; };
		DDD7F5DBCC2AE867436738D1 /* Pods_StylistTests.framework */ = {isa = PBXFileReference; explicitFileType = wrapper.framework; includeInIndex = 0; path = Pods_StylistTests.framework; sourceTree = BUILT_PRODUCTS_DIR; };
/* End PBXFileReference section */

/* Begin PBXFrameworksBuildPhase section */
		2E9DD7C22257A8A300D74DD1 /* Frameworks */ = {
			isa = PBXFrameworksBuildPhase;
			buildActionMask = 2147483647;
			files = (
				291F30A20B9AEA8931FF3E32 /* Pods_FirebaseTests.framework in Frameworks */,
			);
			runOnlyForDeploymentPostprocessing = 0;
		};
		2EF103952255314A0030FBFF /* Frameworks */ = {
			isa = PBXFrameworksBuildPhase;
			buildActionMask = 2147483647;
			files = (
				8F8138881EF44484D5275681 /* Pods_Stylist.framework in Frameworks */,
			);
			runOnlyForDeploymentPostprocessing = 0;
		};
/* End PBXFrameworksBuildPhase section */

/* Begin PBXGroup section */
		094DF890225D4904001EA2FE /* Cells */ = {
			isa = PBXGroup;
			children = (
				094DF891225D492D001EA2FE /* ProviderDetailCustomCell.swift */,
				09DCD312225E97340090EE1F /* DiscoveryCollectionViewCell.swift */,
				09DCD314225EA5C20090EE1F /* DiscoverTableViewCell.swift */,
				09481796225F9ACC0026C066 /* BookingTableViewCell.swift */,
				098E826C2260CE8E0023E41B /* PortfolioCollectionViewCell.swift */,
				D6FE75172265118A00B4A49A /* ProfessionCell.swift */,
				095BF72C2264E68D00F416ED /* UserProfileTableViewCell.swift */,
				099B0C12226648F300474066 /* DiscoverCollectionViewCell.swift */,
			);
			path = Cells;
			sourceTree = "<group>";
		};
		09A9D53F225BA8BB00DFB5E2 /* nibs */ = {
			isa = PBXGroup;
			children = (
				09A9D540225BA90D00DFB5E2 /* ProfileHeader.xib */,
				09A9D544225BDAF200DFB5E2 /* ServiceBioView.swift */,
				09A9D546225BE7A200DFB5E2 /* PortfolioView.swift */,
				094DF88A225D2835001EA2FE /* UserDetailHeader.xib */,
				094DF88E225D2EB8001EA2FE /* UserDetailView.swift */,
				09DCD304225E4F290090EE1F /* ProviderDetailBio.xib */,
				09DCD306225E50EA0090EE1F /* ProviderBio.swift */,
				09DCD308225E66C30090EE1F /* ProviderDetailAvailability.xib */,
				09DCD30A225E69860090EE1F /* ProviderAvailability.swift */,
				09DCD30C225E7E5D0090EE1F /* ProviderDetailReviews.xib */,
				09DCD30E225E7F7D0090EE1F /* ProviderDetailReviews.swift */,
				098E826A2260CE5C0023E41B /* PortfolioCell.xib */,
				D6CD419922664C6000F79DAA /* ServicesCell.swift */,
				D6CD419B22664C7300F79DAA /* ServicesCell.xib */,
			);
			path = nibs;
			sourceTree = "<group>";
		};
		22221D3EC18620EA7B2A0CEF /* Frameworks */ = {
			isa = PBXGroup;
			children = (
				D89AABB01908945DBC5625A6 /* Pods_Stylist.framework */,
				DDD7F5DBCC2AE867436738D1 /* Pods_StylistTests.framework */,
				C9F0689D22A995E41D8C2C56 /* Pods_FirebaseTests.framework */,
			);
			name = Frameworks;
			sourceTree = "<group>";
		};
		2E9DD7C62257A8A300D74DD1 /* FirebaseTests */ = {
			isa = PBXGroup;
			children = (
				2E9DD7C72257A8A300D74DD1 /* FirebaseTests.swift */,
				2E9DD7C92257A8A300D74DD1 /* Info.plist */,
			);
			path = FirebaseTests;
			sourceTree = "<group>";
		};
		2EF1038F2255314A0030FBFF = {
			isa = PBXGroup;
			children = (
				2EF1039A2255314A0030FBFF /* Stylist */,
				2E9DD7C62257A8A300D74DD1 /* FirebaseTests */,
				2EF103992255314A0030FBFF /* Products */,
				B5510D80F4AFE1DB6B98444D /* Pods */,
				22221D3EC18620EA7B2A0CEF /* Frameworks */,
				45864F56225FD52F005FDBD5 /* Recovered References */,
			);
			sourceTree = "<group>";
		};
		2EF103992255314A0030FBFF /* Products */ = {
			isa = PBXGroup;
			children = (
				2EF103982255314A0030FBFF /* Stylist.app */,
				2E9DD7C52257A8A300D74DD1 /* FirebaseTests.xctest */,
			);
			name = Products;
			sourceTree = "<group>";
		};
		2EF1039A2255314A0030FBFF /* Stylist */ = {
			isa = PBXGroup;
			children = (
				094DF890225D4904001EA2FE /* Cells */,
				2EF103C92255A4AC0030FBFF /* Models */,
				2EF103C62255A48C0030FBFF /* Controllers */,
				2EF103C32255A4540030FBFF /* Views */,
				2EF103C02255A4030030FBFF /* SupportingFiles */,
				2EF103A72255314C0030FBFF /* Info.plist */,
				2EF103AD22553D5E0030FBFF /* GoogleService-Info.plist */,
			);
			path = Stylist;
			sourceTree = "<group>";
		};
		2EF103C02255A4030030FBFF /* SupportingFiles */ = {
			isa = PBXGroup;
			children = (
				2E9DD7CF2257C93E00D74DD1 /* DBService.swift */,
				2EBDDBCD225B91AD00583BC0 /* StorageService.swift */,
				2EBDDBCF225B91D600583BC0 /* AuthService.swift */,
				2EBDDBD3225B997B00583BC0 /* Alert+Extensions.swift */,
				2EBDDBD5225B999400583BC0 /* String+Date.swift */,
				2EBDDBD7225B99B000583BC0 /* Date+Extension.swift */,
				2EF1039B2255314A0030FBFF /* AppDelegate.swift */,
				2EF103A22255314C0030FBFF /* Assets.xcassets */,
				2EF103A42255314C0030FBFF /* LaunchScreen.storyboard */,
				09DCD302225E4AB80090EE1F /* UIViewController+Extensions.swift */,
				D6CD419D22667B0800F79DAA /* UIColor+Extensions.swift */,
				D6CD419F2267B25B00F79DAA /* UserDefaultsKeys.swift */,
			);
			path = SupportingFiles;
			sourceTree = "<group>";
		};
		2EF103C32255A4540030FBFF /* Views */ = {
			isa = PBXGroup;
			children = (
				2E90A61D22611A010016462C /* ServicesCollectionViewCell.swift */,
				2E90A61F22611B4F0016462C /* AvalibilityCollectionViewCell.swift */,
				D6B4BF6C225E384300F1E48C /* IBDesignableViews.swift */,
				09A9D53F225BA8BB00DFB5E2 /* nibs */,
				2E9DD7D32257E7FD00D74DD1 /* ServiceProvider.storyboard */,
				2E9DD7D52257E80900D74DD1 /* User.storyboard */,
				2E90A6192261124A0016462C /* BookService.storyboard */,
				2E16B840226611A500332ADC /* OrderSummaryCollectionViewCell.swift */,
				45864F50225D0449005FDBD5 /* ReviewAndRatings.storyboard */,
				2E7739BD22601267004C188A /* Entrance.storyboard */,
				D6FE74E92261138600B4A49A /* FilterProviders.storyboard */,
			);
			path = Views;
			sourceTree = "<group>";
		};
		2EF103C62255A48C0030FBFF /* Controllers */ = {
			isa = PBXGroup;
			children = (
				2E90A61B226112620016462C /* BookingViewController.swift */,
				2EBDDC1F225D2E9400583BC0 /* OnboardingTableViewController.swift */,
				2EBDDC1B225D0A7800583BC0 /* BaseViewController.swift */,
				2E9DD7D72257F69B00D74DD1 /* CreateViewController.swift */,
				2E9DD7D92257F6A800D74DD1 /* LoginViewController.swift */,
				2E9DD7DB2257F80B00D74DD1 /* ServiceUpcomingTableViewController.swift */,
				2E9DD7DD2257F83900D74DD1 /* ServiceDetailViewController.swift */,
				2E9DD7E12257F95800D74DD1 /* ServiceConfirmedController.swift */,
				2E9DD7E32257F9C000D74DD1 /* ServiceMessageViewController.swift */,
				2E9DD7E92257FC0C00D74DD1 /* ClientBookingsController.swift */,
				2E9DD7EB2257FC4100D74DD1 /* ClientSearchController.swift */,
				09A9D542225BCFB200DFB5E2 /* ServiceProfileViewController.swift */,
				45864F52225D124A005FDBD5 /* RatingsAndReviewViewController.swift */,
				094DF888225D2809001EA2FE /* ProviderDetailController.swift */,
				45864F59225FDD1D005FDBD5 /* ClientEditProfileController.swift */,
				2E9DD7E72257FB2200D74DD1 /* ClientProfileController.swift */,
				09DCD310225E91FA0090EE1F /* DiscoverViewController.swift */,
				D6FE74EB22611A1B00B4A49A /* FilterProvidersController.swift */,
				099B0C14226649CA00474066 /* DiscoverSecondViewController.swift */,
			);
			path = Controllers;
			sourceTree = "<group>";
		};
		2EF103C92255A4AC0030FBFF /* Models */ = {
			isa = PBXGroup;
			children = (
				2E409BED2267C2AD00130CBA /* Appointments.swift */,
				2EF103C72255A4A30030FBFF /* ServiceProvider.swift */,
				2E5E74D7225FB6A3003D370F /* Service.swift */,
				2EF103CA2255A4C00030FBFF /* StylistsUsers.swift */,
				2EF103CC2255A4D20030FBFF /* Ratings.swift */,
				2EF103CE2255A4DB0030FBFF /* Reviews.swift */,
				2EF103D02255A4E90030FBFF /* StylistCollectionKeys.swift */,
				2EFC36462264E2E5001B54F8 /* ProviderServices.swift */,
				2EF103D22255ABA10030FBFF /* Avalibility.swift */,
				2EF103D42255AE060030FBFF /* Days.swift */,
			);
			path = Models;
			sourceTree = "<group>";
		};
		45864F56225FD52F005FDBD5 /* Recovered References */ = {
			isa = PBXGroup;
			children = (
				09481798225FC6BE0026C066 /* Entrance.storyboard */,
			);
			name = "Recovered References";
			sourceTree = "<group>";
		};
		B5510D80F4AFE1DB6B98444D /* Pods */ = {
			isa = PBXGroup;
			children = (
				A57421994C7FAE45048DF33C /* Pods-Stylist.release.xcconfig */,
				A8787ACFCB7CCA4C79516777 /* Pods-Stylist.debug.xcconfig */,
				63E768A8D86006AD0C630A3F /* Pods-StylistTests.debug.xcconfig */,
				26FA858D08C6AC46AEBAE072 /* Pods-StylistTests.release.xcconfig */,
				AD1D5ADFD62A113C77C9D79E /* Pods-FirebaseTests.debug.xcconfig */,
				929C1E92E4811B03B80F4987 /* Pods-FirebaseTests.release.xcconfig */,
			);
			path = Pods;
			sourceTree = "<group>";
		};
/* End PBXGroup section */

/* Begin PBXNativeTarget section */
		2E9DD7C42257A8A300D74DD1 /* FirebaseTests */ = {
			isa = PBXNativeTarget;
			buildConfigurationList = 2E9DD7CE2257A8A300D74DD1 /* Build configuration list for PBXNativeTarget "FirebaseTests" */;
			buildPhases = (
				BCE4EEC2971EEBC98DFCF90D /* [CP] Check Pods Manifest.lock */,
				2E9DD7C12257A8A300D74DD1 /* Sources */,
				2E9DD7C22257A8A300D74DD1 /* Frameworks */,
				2E9DD7C32257A8A300D74DD1 /* Resources */,
				62608557ED398B91E8B4FCD9 /* [CP] Embed Pods Frameworks */,
			);
			buildRules = (
			);
			dependencies = (
				2E9DD7CB2257A8A300D74DD1 /* PBXTargetDependency */,
			);
			name = FirebaseTests;
			productName = FirebaseTests;
			productReference = 2E9DD7C52257A8A300D74DD1 /* FirebaseTests.xctest */;
			productType = "com.apple.product-type.bundle.unit-test";
		};
		2EF103972255314A0030FBFF /* Stylist */ = {
			isa = PBXNativeTarget;
			buildConfigurationList = 2EF103AA2255314C0030FBFF /* Build configuration list for PBXNativeTarget "Stylist" */;
			buildPhases = (
				7327A5151F44BEAC9645D8B4 /* [CP] Check Pods Manifest.lock */,
				2EF103942255314A0030FBFF /* Sources */,
				2EF103952255314A0030FBFF /* Frameworks */,
				2EF103962255314A0030FBFF /* Resources */,
				BA10DD4EA1F6C41F07931698 /* [CP] Embed Pods Frameworks */,
			);
			buildRules = (
			);
			dependencies = (
			);
			name = Stylist;
			productName = Stylist;
			productReference = 2EF103982255314A0030FBFF /* Stylist.app */;
			productType = "com.apple.product-type.application";
		};
/* End PBXNativeTarget section */

/* Begin PBXProject section */
		2EF103902255314A0030FBFF /* Project object */ = {
			isa = PBXProject;
			attributes = {
				LastSwiftUpdateCheck = 1020;
				LastUpgradeCheck = 1020;
				ORGANIZATIONNAME = "Ashli Rankin";
				TargetAttributes = {
					2E9DD7C42257A8A300D74DD1 = {
						CreatedOnToolsVersion = 10.2;
						TestTargetID = 2EF103972255314A0030FBFF;
					};
					2EF103972255314A0030FBFF = {
						CreatedOnToolsVersion = 10.2;
					};
				};
			};
			buildConfigurationList = 2EF103932255314A0030FBFF /* Build configuration list for PBXProject "Stylist" */;
			compatibilityVersion = "Xcode 9.3";
			developmentRegion = en;
			hasScannedForEncodings = 0;
			knownRegions = (
				en,
				Base,
			);
			mainGroup = 2EF1038F2255314A0030FBFF;
			productRefGroup = 2EF103992255314A0030FBFF /* Products */;
			projectDirPath = "";
			projectRoot = "";
			targets = (
				2EF103972255314A0030FBFF /* Stylist */,
				2E9DD7C42257A8A300D74DD1 /* FirebaseTests */,
			);
		};
/* End PBXProject section */

/* Begin PBXResourcesBuildPhase section */
		2E9DD7C32257A8A300D74DD1 /* Resources */ = {
			isa = PBXResourcesBuildPhase;
			buildActionMask = 2147483647;
			files = (
			);
			runOnlyForDeploymentPostprocessing = 0;
		};
		2EF103962255314A0030FBFF /* Resources */ = {
			isa = PBXResourcesBuildPhase;
			buildActionMask = 2147483647;
			files = (
				2E7739BE22601267004C188A /* Entrance.storyboard in Resources */,
				09DCD309225E66C30090EE1F /* ProviderDetailAvailability.xib in Resources */,
				2E90A61A2261124A0016462C /* BookService.storyboard in Resources */,
				094DF88B225D2835001EA2FE /* UserDetailHeader.xib in Resources */,
				2EF103A62255314C0030FBFF /* LaunchScreen.storyboard in Resources */,
				2EF103AE22553D5E0030FBFF /* GoogleService-Info.plist in Resources */,
				098E826B2260CE5C0023E41B /* PortfolioCell.xib in Resources */,
				09DCD305225E4F290090EE1F /* ProviderDetailBio.xib in Resources */,
				09A9D541225BA90D00DFB5E2 /* ProfileHeader.xib in Resources */,
				2EF103A32255314C0030FBFF /* Assets.xcassets in Resources */,
				09DCD30D225E7E5D0090EE1F /* ProviderDetailReviews.xib in Resources */,
				D6CD419C22664C7300F79DAA /* ServicesCell.xib in Resources */,
				2E9DD7D62257E80900D74DD1 /* User.storyboard in Resources */,
				2E9DD7D42257E7FD00D74DD1 /* ServiceProvider.storyboard in Resources */,
				D6FE74EA2261138600B4A49A /* FilterProviders.storyboard in Resources */,
				45864F51225D0449005FDBD5 /* ReviewAndRatings.storyboard in Resources */,
			);
			runOnlyForDeploymentPostprocessing = 0;
		};
/* End PBXResourcesBuildPhase section */

/* Begin PBXShellScriptBuildPhase section */
		62608557ED398B91E8B4FCD9 /* [CP] Embed Pods Frameworks */ = {
			isa = PBXShellScriptBuildPhase;
			buildActionMask = 2147483647;
			files = (
			);
			inputFileListPaths = (
			);
			inputPaths = (
				"${PODS_ROOT}/Target Support Files/Pods-FirebaseTests/Pods-FirebaseTests-frameworks.sh",
				"${BUILT_PRODUCTS_DIR}/BoringSSL-GRPC/openssl_grpc.framework",
				"${BUILT_PRODUCTS_DIR}/Charts/Charts.framework",
				"${BUILT_PRODUCTS_DIR}/Cosmos/Cosmos.framework",
				"${BUILT_PRODUCTS_DIR}/GTMSessionFetcher/GTMSessionFetcher.framework",
				"${BUILT_PRODUCTS_DIR}/GoogleUtilities/GoogleUtilities.framework",
				"${BUILT_PRODUCTS_DIR}/Kingfisher/Kingfisher.framework",
				"${BUILT_PRODUCTS_DIR}/Protobuf/Protobuf.framework",
				"${BUILT_PRODUCTS_DIR}/Stripe/Stripe.framework",
				"${BUILT_PRODUCTS_DIR}/Toucan/Toucan.framework",
				"${BUILT_PRODUCTS_DIR}/gRPC-C++/grpcpp.framework",
				"${BUILT_PRODUCTS_DIR}/gRPC-Core/grpc.framework",
				"${BUILT_PRODUCTS_DIR}/leveldb-library/leveldb.framework",
				"${BUILT_PRODUCTS_DIR}/nanopb/nanopb.framework",
			);
			name = "[CP] Embed Pods Frameworks";
			outputFileListPaths = (
			);
			outputPaths = (
				"${TARGET_BUILD_DIR}/${FRAMEWORKS_FOLDER_PATH}/openssl_grpc.framework",
				"${TARGET_BUILD_DIR}/${FRAMEWORKS_FOLDER_PATH}/Charts.framework",
				"${TARGET_BUILD_DIR}/${FRAMEWORKS_FOLDER_PATH}/Cosmos.framework",
				"${TARGET_BUILD_DIR}/${FRAMEWORKS_FOLDER_PATH}/GTMSessionFetcher.framework",
				"${TARGET_BUILD_DIR}/${FRAMEWORKS_FOLDER_PATH}/GoogleUtilities.framework",
				"${TARGET_BUILD_DIR}/${FRAMEWORKS_FOLDER_PATH}/Kingfisher.framework",
				"${TARGET_BUILD_DIR}/${FRAMEWORKS_FOLDER_PATH}/Protobuf.framework",
				"${TARGET_BUILD_DIR}/${FRAMEWORKS_FOLDER_PATH}/Stripe.framework",
				"${TARGET_BUILD_DIR}/${FRAMEWORKS_FOLDER_PATH}/Toucan.framework",
				"${TARGET_BUILD_DIR}/${FRAMEWORKS_FOLDER_PATH}/grpcpp.framework",
				"${TARGET_BUILD_DIR}/${FRAMEWORKS_FOLDER_PATH}/grpc.framework",
				"${TARGET_BUILD_DIR}/${FRAMEWORKS_FOLDER_PATH}/leveldb.framework",
				"${TARGET_BUILD_DIR}/${FRAMEWORKS_FOLDER_PATH}/nanopb.framework",
			);
			runOnlyForDeploymentPostprocessing = 0;
			shellPath = /bin/sh;
			shellScript = "\"${PODS_ROOT}/Target Support Files/Pods-FirebaseTests/Pods-FirebaseTests-frameworks.sh\"\n";
			showEnvVarsInLog = 0;
		};
		7327A5151F44BEAC9645D8B4 /* [CP] Check Pods Manifest.lock */ = {
			isa = PBXShellScriptBuildPhase;
			buildActionMask = 2147483647;
			files = (
			);
			inputFileListPaths = (
			);
			inputPaths = (
				"${PODS_PODFILE_DIR_PATH}/Podfile.lock",
				"${PODS_ROOT}/Manifest.lock",
			);
			name = "[CP] Check Pods Manifest.lock";
			outputFileListPaths = (
			);
			outputPaths = (
				"$(DERIVED_FILE_DIR)/Pods-Stylist-checkManifestLockResult.txt",
			);
			runOnlyForDeploymentPostprocessing = 0;
			shellPath = /bin/sh;
			shellScript = "diff \"${PODS_PODFILE_DIR_PATH}/Podfile.lock\" \"${PODS_ROOT}/Manifest.lock\" > /dev/null\nif [ $? != 0 ] ; then\n    # print error to STDERR\n    echo \"error: The sandbox is not in sync with the Podfile.lock. Run 'pod install' or update your CocoaPods installation.\" >&2\n    exit 1\nfi\n# This output is used by Xcode 'outputs' to avoid re-running this script phase.\necho \"SUCCESS\" > \"${SCRIPT_OUTPUT_FILE_0}\"\n";
			showEnvVarsInLog = 0;
		};
		BA10DD4EA1F6C41F07931698 /* [CP] Embed Pods Frameworks */ = {
			isa = PBXShellScriptBuildPhase;
			buildActionMask = 2147483647;
			files = (
			);
			inputFileListPaths = (
			);
			inputPaths = (
				"${PODS_ROOT}/Target Support Files/Pods-Stylist/Pods-Stylist-frameworks.sh",
				"${BUILT_PRODUCTS_DIR}/BoringSSL-GRPC/openssl_grpc.framework",
				"${BUILT_PRODUCTS_DIR}/Charts/Charts.framework",
				"${BUILT_PRODUCTS_DIR}/Cosmos/Cosmos.framework",
				"${BUILT_PRODUCTS_DIR}/GTMSessionFetcher/GTMSessionFetcher.framework",
				"${BUILT_PRODUCTS_DIR}/GoogleUtilities/GoogleUtilities.framework",
				"${BUILT_PRODUCTS_DIR}/Kingfisher/Kingfisher.framework",
				"${BUILT_PRODUCTS_DIR}/Protobuf/Protobuf.framework",
				"${BUILT_PRODUCTS_DIR}/Stripe/Stripe.framework",
				"${BUILT_PRODUCTS_DIR}/Toucan/Toucan.framework",
				"${BUILT_PRODUCTS_DIR}/gRPC-C++/grpcpp.framework",
				"${BUILT_PRODUCTS_DIR}/gRPC-Core/grpc.framework",
				"${BUILT_PRODUCTS_DIR}/leveldb-library/leveldb.framework",
				"${BUILT_PRODUCTS_DIR}/nanopb/nanopb.framework",
			);
			name = "[CP] Embed Pods Frameworks";
			outputFileListPaths = (
			);
			outputPaths = (
				"${TARGET_BUILD_DIR}/${FRAMEWORKS_FOLDER_PATH}/openssl_grpc.framework",
				"${TARGET_BUILD_DIR}/${FRAMEWORKS_FOLDER_PATH}/Charts.framework",
				"${TARGET_BUILD_DIR}/${FRAMEWORKS_FOLDER_PATH}/Cosmos.framework",
				"${TARGET_BUILD_DIR}/${FRAMEWORKS_FOLDER_PATH}/GTMSessionFetcher.framework",
				"${TARGET_BUILD_DIR}/${FRAMEWORKS_FOLDER_PATH}/GoogleUtilities.framework",
				"${TARGET_BUILD_DIR}/${FRAMEWORKS_FOLDER_PATH}/Kingfisher.framework",
				"${TARGET_BUILD_DIR}/${FRAMEWORKS_FOLDER_PATH}/Protobuf.framework",
				"${TARGET_BUILD_DIR}/${FRAMEWORKS_FOLDER_PATH}/Stripe.framework",
				"${TARGET_BUILD_DIR}/${FRAMEWORKS_FOLDER_PATH}/Toucan.framework",
				"${TARGET_BUILD_DIR}/${FRAMEWORKS_FOLDER_PATH}/grpcpp.framework",
				"${TARGET_BUILD_DIR}/${FRAMEWORKS_FOLDER_PATH}/grpc.framework",
				"${TARGET_BUILD_DIR}/${FRAMEWORKS_FOLDER_PATH}/leveldb.framework",
				"${TARGET_BUILD_DIR}/${FRAMEWORKS_FOLDER_PATH}/nanopb.framework",
			);
			runOnlyForDeploymentPostprocessing = 0;
			shellPath = /bin/sh;
			shellScript = "\"${PODS_ROOT}/Target Support Files/Pods-Stylist/Pods-Stylist-frameworks.sh\"\n";
			showEnvVarsInLog = 0;
		};
		BCE4EEC2971EEBC98DFCF90D /* [CP] Check Pods Manifest.lock */ = {
			isa = PBXShellScriptBuildPhase;
			buildActionMask = 2147483647;
			files = (
			);
			inputFileListPaths = (
			);
			inputPaths = (
				"${PODS_PODFILE_DIR_PATH}/Podfile.lock",
				"${PODS_ROOT}/Manifest.lock",
			);
			name = "[CP] Check Pods Manifest.lock";
			outputFileListPaths = (
			);
			outputPaths = (
				"$(DERIVED_FILE_DIR)/Pods-FirebaseTests-checkManifestLockResult.txt",
			);
			runOnlyForDeploymentPostprocessing = 0;
			shellPath = /bin/sh;
			shellScript = "diff \"${PODS_PODFILE_DIR_PATH}/Podfile.lock\" \"${PODS_ROOT}/Manifest.lock\" > /dev/null\nif [ $? != 0 ] ; then\n    # print error to STDERR\n    echo \"error: The sandbox is not in sync with the Podfile.lock. Run 'pod install' or update your CocoaPods installation.\" >&2\n    exit 1\nfi\n# This output is used by Xcode 'outputs' to avoid re-running this script phase.\necho \"SUCCESS\" > \"${SCRIPT_OUTPUT_FILE_0}\"\n";
			showEnvVarsInLog = 0;
		};
/* End PBXShellScriptBuildPhase section */

/* Begin PBXSourcesBuildPhase section */
		2E9DD7C12257A8A300D74DD1 /* Sources */ = {
			isa = PBXSourcesBuildPhase;
			buildActionMask = 2147483647;
			files = (
				2E9DD7C82257A8A300D74DD1 /* FirebaseTests.swift in Sources */,
			);
			runOnlyForDeploymentPostprocessing = 0;
		};
		2EF103942255314A0030FBFF /* Sources */ = {
			isa = PBXSourcesBuildPhase;
			buildActionMask = 2147483647;
			files = (
				45864F5A225FDD1D005FDBD5 /* ClientEditProfileController.swift in Sources */,
				2EBDDBD8225B99B000583BC0 /* Date+Extension.swift in Sources */,
				2EBDDBD4225B997B00583BC0 /* Alert+Extensions.swift in Sources */,
				D6FE75182265118A00B4A49A /* ProfessionCell.swift in Sources */,
				2E9DD7DA2257F6A800D74DD1 /* LoginViewController.swift in Sources */,
				2EFC36472264E2E5001B54F8 /* ProviderServices.swift in Sources */,
				09DCD30F225E7F7D0090EE1F /* ProviderDetailReviews.swift in Sources */,
				2E9DD7D82257F69B00D74DD1 /* CreateViewController.swift in Sources */,
				45864F53225D124A005FDBD5 /* RatingsAndReviewViewController.swift in Sources */,
				2EBDDC20225D2E9400583BC0 /* OnboardingTableViewController.swift in Sources */,
				2EBDDBD6225B999400583BC0 /* String+Date.swift in Sources */,
				2EF103C82255A4A30030FBFF /* ServiceProvider.swift in Sources */,
				099B0C13226648F300474066 /* DiscoverCollectionViewCell.swift in Sources */,
				09DCD303225E4AB90090EE1F /* UIViewController+Extensions.swift in Sources */,
				09DCD313225E97340090EE1F /* DiscoveryCollectionViewCell.swift in Sources */,
				2E9DD7D02257C93E00D74DD1 /* DBService.swift in Sources */,
				2E9DD7E82257FB2200D74DD1 /* ClientProfileController.swift in Sources */,
				2EBDDBCE225B91AD00583BC0 /* StorageService.swift in Sources */,
				2EBDDBD0225B91D600583BC0 /* AuthService.swift in Sources */,
				099B0C15226649CA00474066 /* DiscoverSecondViewController.swift in Sources */,
				09DCD307225E50EA0090EE1F /* ProviderBio.swift in Sources */,
				2EF1039C2255314A0030FBFF /* AppDelegate.swift in Sources */,
				2E90A61C226112620016462C /* BookingViewController.swift in Sources */,
				09DCD30B225E69860090EE1F /* ProviderAvailability.swift in Sources */,
				2E9DD7E22257F95800D74DD1 /* ServiceConfirmedController.swift in Sources */,
				D6CD41A02267B25B00F79DAA /* UserDefaultsKeys.swift in Sources */,
				09DCD311225E91FA0090EE1F /* DiscoverViewController.swift in Sources */,
				2EF103CF2255A4DB0030FBFF /* Reviews.swift in Sources */,
				D6CD419E22667B0800F79DAA /* UIColor+Extensions.swift in Sources */,
				2EF103CD2255A4D20030FBFF /* Ratings.swift in Sources */,
				098E826D2260CE8E0023E41B /* PortfolioCollectionViewCell.swift in Sources */,
				2E9DD7DC2257F80B00D74DD1 /* ServiceUpcomingTableViewController.swift in Sources */,
				094DF892225D492D001EA2FE /* ProviderDetailCustomCell.swift in Sources */,
				D6B4BF6D225E384300F1E48C /* IBDesignableViews.swift in Sources */,
				D6FE74EC22611A1B00B4A49A /* FilterProvidersController.swift in Sources */,
				09A9D545225BDAF200DFB5E2 /* ServiceBioView.swift in Sources */,
				2E16B841226611A500332ADC /* OrderSummaryCollectionViewCell.swift in Sources */,
				094DF88F225D2EB8001EA2FE /* UserDetailView.swift in Sources */,
				09DCD315225EA5C20090EE1F /* DiscoverTableViewCell.swift in Sources */,
				2E409BEE2267C2AD00130CBA /* Appointments.swift in Sources */,
				095BF72D2264E68D00F416ED /* UserProfileTableViewCell.swift in Sources */,
				09481797225F9ACC0026C066 /* BookingTableViewCell.swift in Sources */,
				2E9DD7EC2257FC4100D74DD1 /* ClientSearchController.swift in Sources */,
				2E9DD7E42257F9C000D74DD1 /* ServiceMessageViewController.swift in Sources */,
				2E90A61E22611A010016462C /* ServicesCollectionViewCell.swift in Sources */,
				2EF103D12255A4E90030FBFF /* StylistCollectionKeys.swift in Sources */,
				2EF103D32255ABA10030FBFF /* Avalibility.swift in Sources */,
				2E5E74D9225FB6A8003D370F /* Service.swift in Sources */,
				2EF103D52255AE060030FBFF /* Days.swift in Sources */,
				2E90A62022611B4F0016462C /* AvalibilityCollectionViewCell.swift in Sources */,
				2EF103CB2255A4C00030FBFF /* StylistsUsers.swift in Sources */,
				2E9DD7EA2257FC0C00D74DD1 /* ClientBookingsController.swift in Sources */,
				09A9D547225BE7A200DFB5E2 /* PortfolioView.swift in Sources */,
				D6CD419A22664C6000F79DAA /* ServicesCell.swift in Sources */,
				09A9D543225BCFB200DFB5E2 /* ServiceProfileViewController.swift in Sources */,
				094DF889225D2809001EA2FE /* ProviderDetailController.swift in Sources */,
				2E9DD7DE2257F83900D74DD1 /* ServiceDetailViewController.swift in Sources */,
				2EBDDC1C225D0A7800583BC0 /* BaseViewController.swift in Sources */,
			);
			runOnlyForDeploymentPostprocessing = 0;
		};
/* End PBXSourcesBuildPhase section */

/* Begin PBXTargetDependency section */
		2E9DD7CB2257A8A300D74DD1 /* PBXTargetDependency */ = {
			isa = PBXTargetDependency;
			target = 2EF103972255314A0030FBFF /* Stylist */;
			targetProxy = 2E9DD7CA2257A8A300D74DD1 /* PBXContainerItemProxy */;
		};
/* End PBXTargetDependency section */

/* Begin PBXVariantGroup section */
		2EF103A42255314C0030FBFF /* LaunchScreen.storyboard */ = {
			isa = PBXVariantGroup;
			children = (
				2EF103A52255314C0030FBFF /* Base */,
			);
			name = LaunchScreen.storyboard;
			sourceTree = "<group>";
		};
/* End PBXVariantGroup section */

/* Begin XCBuildConfiguration section */
		2E9DD7CC2257A8A300D74DD1 /* Debug */ = {
			isa = XCBuildConfiguration;
			baseConfigurationReference = AD1D5ADFD62A113C77C9D79E /* Pods-FirebaseTests.debug.xcconfig */;
			buildSettings = {
				BUNDLE_LOADER = "$(TEST_HOST)";
				CODE_SIGN_STYLE = Automatic;
				INFOPLIST_FILE = FirebaseTests/Info.plist;
				LD_RUNPATH_SEARCH_PATHS = (
					"$(inherited)",
					"@executable_path/Frameworks",
					"@loader_path/Frameworks",
				);
				PRODUCT_BUNDLE_IDENTIFIER = com.wmn4future.FirebaseTests;
				PRODUCT_NAME = "$(TARGET_NAME)";
				SWIFT_VERSION = 5.0;
				TARGETED_DEVICE_FAMILY = "1,2";
				TEST_HOST = "$(BUILT_PRODUCTS_DIR)/Stylist.app/Stylist";
			};
			name = Debug;
		};
		2E9DD7CD2257A8A300D74DD1 /* Release */ = {
			isa = XCBuildConfiguration;
			baseConfigurationReference = 929C1E92E4811B03B80F4987 /* Pods-FirebaseTests.release.xcconfig */;
			buildSettings = {
				BUNDLE_LOADER = "$(TEST_HOST)";
				CODE_SIGN_STYLE = Automatic;
				INFOPLIST_FILE = FirebaseTests/Info.plist;
				LD_RUNPATH_SEARCH_PATHS = (
					"$(inherited)",
					"@executable_path/Frameworks",
					"@loader_path/Frameworks",
				);
				PRODUCT_BUNDLE_IDENTIFIER = com.wmn4future.FirebaseTests;
				PRODUCT_NAME = "$(TARGET_NAME)";
				SWIFT_VERSION = 5.0;
				TARGETED_DEVICE_FAMILY = "1,2";
				TEST_HOST = "$(BUILT_PRODUCTS_DIR)/Stylist.app/Stylist";
			};
			name = Release;
		};
		2EF103A82255314C0030FBFF /* Debug */ = {
			isa = XCBuildConfiguration;
			buildSettings = {
				ALWAYS_SEARCH_USER_PATHS = NO;
				CLANG_ANALYZER_NONNULL = YES;
				CLANG_ANALYZER_NUMBER_OBJECT_CONVERSION = YES_AGGRESSIVE;
				CLANG_CXX_LANGUAGE_STANDARD = "gnu++14";
				CLANG_CXX_LIBRARY = "libc++";
				CLANG_ENABLE_MODULES = YES;
				CLANG_ENABLE_OBJC_ARC = YES;
				CLANG_ENABLE_OBJC_WEAK = YES;
				CLANG_WARN_BLOCK_CAPTURE_AUTORELEASING = YES;
				CLANG_WARN_BOOL_CONVERSION = YES;
				CLANG_WARN_COMMA = YES;
				CLANG_WARN_CONSTANT_CONVERSION = YES;
				CLANG_WARN_DEPRECATED_OBJC_IMPLEMENTATIONS = YES;
				CLANG_WARN_DIRECT_OBJC_ISA_USAGE = YES_ERROR;
				CLANG_WARN_DOCUMENTATION_COMMENTS = YES;
				CLANG_WARN_EMPTY_BODY = YES;
				CLANG_WARN_ENUM_CONVERSION = YES;
				CLANG_WARN_INFINITE_RECURSION = YES;
				CLANG_WARN_INT_CONVERSION = YES;
				CLANG_WARN_NON_LITERAL_NULL_CONVERSION = YES;
				CLANG_WARN_OBJC_IMPLICIT_RETAIN_SELF = YES;
				CLANG_WARN_OBJC_LITERAL_CONVERSION = YES;
				CLANG_WARN_OBJC_ROOT_CLASS = YES_ERROR;
				CLANG_WARN_RANGE_LOOP_ANALYSIS = YES;
				CLANG_WARN_STRICT_PROTOTYPES = YES;
				CLANG_WARN_SUSPICIOUS_MOVE = YES;
				CLANG_WARN_UNGUARDED_AVAILABILITY = YES_AGGRESSIVE;
				CLANG_WARN_UNREACHABLE_CODE = YES;
				CLANG_WARN__DUPLICATE_METHOD_MATCH = YES;
				CODE_SIGN_IDENTITY = "iPhone Developer";
				COPY_PHASE_STRIP = NO;
				DEBUG_INFORMATION_FORMAT = dwarf;
				ENABLE_STRICT_OBJC_MSGSEND = YES;
				ENABLE_TESTABILITY = YES;
				GCC_C_LANGUAGE_STANDARD = gnu11;
				GCC_DYNAMIC_NO_PIC = NO;
				GCC_NO_COMMON_BLOCKS = YES;
				GCC_OPTIMIZATION_LEVEL = 0;
				GCC_PREPROCESSOR_DEFINITIONS = (
					"DEBUG=1",
					"$(inherited)",
				);
				GCC_WARN_64_TO_32_BIT_CONVERSION = YES;
				GCC_WARN_ABOUT_RETURN_TYPE = YES_ERROR;
				GCC_WARN_UNDECLARED_SELECTOR = YES;
				GCC_WARN_UNINITIALIZED_AUTOS = YES_AGGRESSIVE;
				GCC_WARN_UNUSED_FUNCTION = YES;
				GCC_WARN_UNUSED_VARIABLE = YES;
				IPHONEOS_DEPLOYMENT_TARGET = 12.2;
				MTL_ENABLE_DEBUG_INFO = INCLUDE_SOURCE;
				MTL_FAST_MATH = YES;
				ONLY_ACTIVE_ARCH = YES;
				SDKROOT = iphoneos;
				SWIFT_ACTIVE_COMPILATION_CONDITIONS = DEBUG;
				SWIFT_OPTIMIZATION_LEVEL = "-Onone";
			};
			name = Debug;
		};
		2EF103A92255314C0030FBFF /* Release */ = {
			isa = XCBuildConfiguration;
			buildSettings = {
				ALWAYS_SEARCH_USER_PATHS = NO;
				CLANG_ANALYZER_NONNULL = YES;
				CLANG_ANALYZER_NUMBER_OBJECT_CONVERSION = YES_AGGRESSIVE;
				CLANG_CXX_LANGUAGE_STANDARD = "gnu++14";
				CLANG_CXX_LIBRARY = "libc++";
				CLANG_ENABLE_MODULES = YES;
				CLANG_ENABLE_OBJC_ARC = YES;
				CLANG_ENABLE_OBJC_WEAK = YES;
				CLANG_WARN_BLOCK_CAPTURE_AUTORELEASING = YES;
				CLANG_WARN_BOOL_CONVERSION = YES;
				CLANG_WARN_COMMA = YES;
				CLANG_WARN_CONSTANT_CONVERSION = YES;
				CLANG_WARN_DEPRECATED_OBJC_IMPLEMENTATIONS = YES;
				CLANG_WARN_DIRECT_OBJC_ISA_USAGE = YES_ERROR;
				CLANG_WARN_DOCUMENTATION_COMMENTS = YES;
				CLANG_WARN_EMPTY_BODY = YES;
				CLANG_WARN_ENUM_CONVERSION = YES;
				CLANG_WARN_INFINITE_RECURSION = YES;
				CLANG_WARN_INT_CONVERSION = YES;
				CLANG_WARN_NON_LITERAL_NULL_CONVERSION = YES;
				CLANG_WARN_OBJC_IMPLICIT_RETAIN_SELF = YES;
				CLANG_WARN_OBJC_LITERAL_CONVERSION = YES;
				CLANG_WARN_OBJC_ROOT_CLASS = YES_ERROR;
				CLANG_WARN_RANGE_LOOP_ANALYSIS = YES;
				CLANG_WARN_STRICT_PROTOTYPES = YES;
				CLANG_WARN_SUSPICIOUS_MOVE = YES;
				CLANG_WARN_UNGUARDED_AVAILABILITY = YES_AGGRESSIVE;
				CLANG_WARN_UNREACHABLE_CODE = YES;
				CLANG_WARN__DUPLICATE_METHOD_MATCH = YES;
				CODE_SIGN_IDENTITY = "iPhone Developer";
				COPY_PHASE_STRIP = NO;
				DEBUG_INFORMATION_FORMAT = "dwarf-with-dsym";
				ENABLE_NS_ASSERTIONS = NO;
				ENABLE_STRICT_OBJC_MSGSEND = YES;
				GCC_C_LANGUAGE_STANDARD = gnu11;
				GCC_NO_COMMON_BLOCKS = YES;
				GCC_WARN_64_TO_32_BIT_CONVERSION = YES;
				GCC_WARN_ABOUT_RETURN_TYPE = YES_ERROR;
				GCC_WARN_UNDECLARED_SELECTOR = YES;
				GCC_WARN_UNINITIALIZED_AUTOS = YES_AGGRESSIVE;
				GCC_WARN_UNUSED_FUNCTION = YES;
				GCC_WARN_UNUSED_VARIABLE = YES;
				IPHONEOS_DEPLOYMENT_TARGET = 12.2;
				MTL_ENABLE_DEBUG_INFO = NO;
				MTL_FAST_MATH = YES;
				SDKROOT = iphoneos;
				SWIFT_COMPILATION_MODE = wholemodule;
				SWIFT_OPTIMIZATION_LEVEL = "-O";
				VALIDATE_PRODUCT = YES;
			};
			name = Release;
		};
		2EF103AB2255314C0030FBFF /* Debug */ = {
			isa = XCBuildConfiguration;
			baseConfigurationReference = A8787ACFCB7CCA4C79516777 /* Pods-Stylist.debug.xcconfig */;
			buildSettings = {
				ASSETCATALOG_COMPILER_APPICON_NAME = AppIcon;
				CODE_SIGN_STYLE = Automatic;
				DEVELOPMENT_TEAM = "";
				INFOPLIST_FILE = Stylist/Info.plist;
				LD_RUNPATH_SEARCH_PATHS = (
					"$(inherited)",
					"@executable_path/Frameworks",
				);
				PRODUCT_BUNDLE_IDENTIFIER = com.wmn4future.Stylist;
				PRODUCT_NAME = "$(TARGET_NAME)";
				SWIFT_VERSION = 5.0;
				TARGETED_DEVICE_FAMILY = "1,2";
			};
			name = Debug;
		};
		2EF103AC2255314C0030FBFF /* Release */ = {
			isa = XCBuildConfiguration;
			baseConfigurationReference = A57421994C7FAE45048DF33C /* Pods-Stylist.release.xcconfig */;
			buildSettings = {
				ASSETCATALOG_COMPILER_APPICON_NAME = AppIcon;
				CODE_SIGN_STYLE = Automatic;
				DEVELOPMENT_TEAM = "";
				INFOPLIST_FILE = Stylist/Info.plist;
				LD_RUNPATH_SEARCH_PATHS = (
					"$(inherited)",
					"@executable_path/Frameworks",
				);
				PRODUCT_BUNDLE_IDENTIFIER = com.wmn4future.Stylist;
				PRODUCT_NAME = "$(TARGET_NAME)";
				SWIFT_VERSION = 5.0;
				TARGETED_DEVICE_FAMILY = "1,2";
			};
			name = Release;
		};
/* End XCBuildConfiguration section */

/* Begin XCConfigurationList section */
		2E9DD7CE2257A8A300D74DD1 /* Build configuration list for PBXNativeTarget "FirebaseTests" */ = {
			isa = XCConfigurationList;
			buildConfigurations = (
				2E9DD7CC2257A8A300D74DD1 /* Debug */,
				2E9DD7CD2257A8A300D74DD1 /* Release */,
			);
			defaultConfigurationIsVisible = 0;
			defaultConfigurationName = Release;
		};
		2EF103932255314A0030FBFF /* Build configuration list for PBXProject "Stylist" */ = {
			isa = XCConfigurationList;
			buildConfigurations = (
				2EF103A82255314C0030FBFF /* Debug */,
				2EF103A92255314C0030FBFF /* Release */,
			);
			defaultConfigurationIsVisible = 0;
			defaultConfigurationName = Release;
		};
		2EF103AA2255314C0030FBFF /* Build configuration list for PBXNativeTarget "Stylist" */ = {
			isa = XCConfigurationList;
			buildConfigurations = (
				2EF103AB2255314C0030FBFF /* Debug */,
				2EF103AC2255314C0030FBFF /* Release */,
			);
			defaultConfigurationIsVisible = 0;
			defaultConfigurationName = Release;
		};
/* End XCConfigurationList section */
	};
	rootObject = 2EF103902255314A0030FBFF /* Project object */;
}
